
Microsoft Visual Studio Solution File, Format Version 12.00
# Visual Studio Version 17
VisualStudioVersion = 17.0.32014.148
MinimumVisualStudioVersion = 10.0.40219.1
Project("{2150E333-8FDC-42A3-9474-1A3956D46DE8}") = "wpf动画基础", "wpf动画基础", "{0D90CA5F-E558-40F4-8448-CC3DDE2FB8F5}"
EndProject
Project("{FAE04EC0-301F-11D3-BF4B-00C04F79EFBC}") = "WpfApp1", "WpfApp1\WpfApp1.csproj", "{2157B10C-01FC-4DAF-9E76-77DB24F710DC}"
EndProject
Global
	GlobalSection(SolutionConfigurationPlatforms) = preSolution
		Debug|Any CPU = Debug|Any CPU
		Release|Any CPU = Release|Any CPU
	EndGlobalSection
	GlobalSection(ProjectConfigurationPlatforms) = postSolution
		{2157B10C-01FC-4DAF-9E76-77DB24F710DC}.Debug|Any CPU.ActiveCfg = Debug|Any CPU
		{2157B10C-01FC-4DAF-9E76-77DB24F710DC}.Debug|Any CPU.Build.0 = Debug|Any CPU
		{2157B10C-01FC-4DAF-9E76-77DB24F710DC}.Release|Any CPU.ActiveCfg = Release|Any CPU
		{2157B10C-01FC-4DAF-9E76-77DB24F710DC}.Release|Any CPU.Build.0 = Release|Any CPU
	EndGlobalSection
	GlobalSection(SolutionProperties) = preSolution
		HideSolutionNode = FALSE
	EndGlobalSection
	GlobalSection(NestedProjects) = preSolution
		{2157B10C-01FC-4DAF-9E76-77DB24F710DC} = {0D90CA5F-E558-40F4-8448-CC3DDE2FB8F5}
	EndGlobalSection
	GlobalSection(ExtensibilityGlobals) = postSolution
		SolutionGuid = {AEDA52FE-149B-4E99-81E3-48185B49657D}
	EndGlobalSection
EndGlobal
